
Microsoft Visual Studio Solution File, Format Version 12.00
# Visual Studio Version 16
VisualStudioVersion = 16.0.33927.289
MinimumVisualStudioVersion = 10.0.40219.1
Project("{2150E333-8FDC-42A3-9474-1A3956D46DE8}") = "Task0", "Task0", "{906ADDE4-4C74-48AF-9330-2CDD0DCD808A}"
EndProject
Project("{8BC9CEB8-8B4A-11D0-8D11-00A0C91BC942}") = "Tyuiu.MorozAD.Sprint0", "Tyuiu.MorozAD.Sprint0\Tyuiu.MorozAD.Sprint0.vcxproj", "{C0059792-1EB4-42B2-B34C-64C0024945F7}"
EndProject
Project("{2150E333-8FDC-42A3-9474-1A3956D46DE8}") = "Task1", "Task1", "{926E3E02-B5A7-4728-B4CA-C1F283BD513B}"
EndProject
Project("{8BC9CEB8-8B4A-11D0-8D11-00A0C91BC942}") = "Tyuiu.MorozAD.Sprint0.Task1", "Tyuiu.MorozAD.Sprint0.Task1\Tyuiu.MorozAD.Sprint0.Task1.vcxproj", "{F54FE79C-8A3E-4448-8641-F9F80F6522F3}"
EndProject
Project("{8BC9CEB8-8B4A-11D0-8D11-00A0C91BC942}") = "Tyuiu.MorozAD.Sprint0.Task2", "Tyuiu.MorozAD.Sprint0.Task2\Tyuiu.MorozAD.Sprint0.Task2.vcxproj", "{4EDC45CC-146D-42AD-BFC6-58BA3A9C7A85}"
EndProject
Project("{8BC9CEB8-8B4A-11D0-8D11-00A0C91BC942}") = "Tyuiu.MorozAD.Sprint0.Task2.lib", "Tyuiu.MorozAD.Sprint0.Task2.lib\Tyuiu.MorozAD.Sprint0.Task2.lib.vcxproj", "{D276C185-8F7F-48B9-9E77-EA42266E8460}"
EndProject
Project("{8BC9CEB8-8B4A-11D0-8D11-00A0C91BC942}") = "Tyuiu.MorozAD.Sprint0.Task2.test", "Tyuiu.MorozAD.Sprint0.Task2.test\Tyuiu.MorozAD.Sprint0.Task2.test.vcxproj", "{254648A9-9F62-4209-A13F-D6F0B9318C00}"
EndProject
Project("{2150E333-8FDC-42A3-9474-1A3956D46DE8}") = "Task2", "Task2", "{2A9E86C9-76D8-4083-8A6B-B7E3EE81F15F}"
EndProject
Project("{2150E333-8FDC-42A3-9474-1A3956D46DE8}") = "Task3", "Task3", "{3C10BAE3-99C6-4BBA-9101-EDE646C0F815}"
EndProject
Project("{8BC9CEB8-8B4A-11D0-8D11-00A0C91BC942}") = "Tyuiu.MorozAD.Sprint0.Task3.text", "Tyuiu.MorozAD.Sprint0.Task3.text\Tyuiu.MorozAD.Sprint0.Task3.text.vcxproj", "{D3EAA092-F460-45E3-803C-C9A3EF131F59}"
EndProject
Project("{8BC9CEB8-8B4A-11D0-8D11-00A0C91BC942}") = "Tyuiu.MorozAD.Sprint0.Task3.Lib", "Tyuiu.MorozAD.Sprint0.Task3.Lib\Tyuiu.MorozAD.Sprint0.Task3.Lib.vcxproj", "{DC1F3B94-73AC-4AFA-8894-BDB1901D98DE}"
EndProject
Project("{8BC9CEB8-8B4A-11D0-8D11-00A0C91BC942}") = "Tyuiu.MorozAD.Sprint0.Task3", "Tyuiu.MorozAD.Sprint0.Task3\Tyuiu.MorozAD.Sprint0.Task3.vcxproj", "{A2AF659D-85F4-46A1-9B62-0E12C15A12DB}"
EndProject
Global
	GlobalSection(SolutionConfigurationPlatforms) = preSolution
		Debug|x64 = Debug|x64
		Debug|x86 = Debug|x86
		Release|x64 = Release|x64
		Release|x86 = Release|x86
	EndGlobalSection
	GlobalSection(ProjectConfigurationPlatforms) = postSolution
		{C0059792-1EB4-42B2-B34C-64C0024945F7}.Debug|x64.ActiveCfg = Debug|x64
		{C0059792-1EB4-42B2-B34C-64C0024945F7}.Debug|x64.Build.0 = Debug|x64
		{C0059792-1EB4-42B2-B34C-64C0024945F7}.Debug|x86.ActiveCfg = Debug|Win32
		{C0059792-1EB4-42B2-B34C-64C0024945F7}.Debug|x86.Build.0 = Debug|Win32
		{C0059792-1EB4-42B2-B34C-64C0024945F7}.Release|x64.ActiveCfg = Release|x64
		{C0059792-1EB4-42B2-B34C-64C0024945F7}.Release|x64.Build.0 = Release|x64
		{C0059792-1EB4-42B2-B34C-64C0024945F7}.Release|x86.ActiveCfg = Release|Win32
		{C0059792-1EB4-42B2-B34C-64C0024945F7}.Release|x86.Build.0 = Release|Win32
		{F54FE79C-8A3E-4448-8641-F9F80F6522F3}.Debug|x64.ActiveCfg = Debug|x64
		{F54FE79C-8A3E-4448-8641-F9F80F6522F3}.Debug|x64.Build.0 = Debug|x64
		{F54FE79C-8A3E-4448-8641-F9F80F6522F3}.Debug|x86.ActiveCfg = Debug|Win32
		{F54FE79C-8A3E-4448-8641-F9F80F6522F3}.Debug|x86.Build.0 = Debug|Win32
		{F54FE79C-8A3E-4448-8641-F9F80F6522F3}.Release|x64.ActiveCfg = Release|x64
		{F54FE79C-8A3E-4448-8641-F9F80F6522F3}.Release|x64.Build.0 = Release|x64
		{F54FE79C-8A3E-4448-8641-F9F80F6522F3}.Release|x86.ActiveCfg = Release|Win32
		{F54FE79C-8A3E-4448-8641-F9F80F6522F3}.Release|x86.Build.0 = Release|Win32
		{4EDC45CC-146D-42AD-BFC6-58BA3A9C7A85}.Debug|x64.ActiveCfg = Debug|x64
		{4EDC45CC-146D-42AD-BFC6-58BA3A9C7A85}.Debug|x64.Build.0 = Debug|x64
		{4EDC45CC-146D-42AD-BFC6-58BA3A9C7A85}.Debug|x86.ActiveCfg = Debug|Win32
		{4EDC45CC-146D-42AD-BFC6-58BA3A9C7A85}.Debug|x86.Build.0 = Debug|Win32
		{4EDC45CC-146D-42AD-BFC6-58BA3A9C7A85}.Release|x64.ActiveCfg = Release|x64
		{4EDC45CC-146D-42AD-BFC6-58BA3A9C7A85}.Release|x64.Build.0 = Release|x64
		{4EDC45CC-146D-42AD-BFC6-58BA3A9C7A85}.Release|x86.ActiveCfg = Release|Win32
		{4EDC45CC-146D-42AD-BFC6-58BA3A9C7A85}.Release|x86.Build.0 = Release|Win32
		{D276C185-8F7F-48B9-9E77-EA42266E8460}.Debug|x64.ActiveCfg = Debug|x64
		{D276C185-8F7F-48B9-9E77-EA42266E8460}.Debug|x64.Build.0 = Debug|x64
		{D276C185-8F7F-48B9-9E77-EA42266E8460}.Debug|x86.ActiveCfg = Debug|Win32
		{D276C185-8F7F-48B9-9E77-EA42266E8460}.Debug|x86.Build.0 = Debug|Win32
		{D276C185-8F7F-48B9-9E77-EA42266E8460}.Release|x64.ActiveCfg = Release|x64
		{D276C185-8F7F-48B9-9E77-EA42266E8460}.Release|x64.Build.0 = Release|x64
		{D276C185-8F7F-48B9-9E77-EA42266E8460}.Release|x86.ActiveCfg = Release|Win32
		{D276C185-8F7F-48B9-9E77-EA42266E8460}.Release|x86.Build.0 = Release|Win32
		{254648A9-9F62-4209-A13F-D6F0B9318C00}.Debug|x64.ActiveCfg = Debug|x64
		{254648A9-9F62-4209-A13F-D6F0B9318C00}.Debug|x64.Build.0 = Debug|x64
		{254648A9-9F62-4209-A13F-D6F0B9318C00}.Debug|x86.ActiveCfg = Debug|Win32
		{254648A9-9F62-4209-A13F-D6F0B9318C00}.Debug|x86.Build.0 = Debug|Win32
		{254648A9-9F62-4209-A13F-D6F0B9318C00}.Release|x64.ActiveCfg = Release|x64
		{254648A9-9F62-4209-A13F-D6F0B9318C00}.Release|x64.Build.0 = Release|x64
		{254648A9-9F62-4209-A13F-D6F0B9318C00}.Release|x86.ActiveCfg = Release|Win32
		{254648A9-9F62-4209-A13F-D6F0B9318C00}.Release|x86.Build.0 = Release|Win32
		{D3EAA092-F460-45E3-803C-C9A3EF131F59}.Debug|x64.ActiveCfg = Debug|x64
		{D3EAA092-F460-45E3-803C-C9A3EF131F59}.Debug|x64.Build.0 = Debug|x64
		{D3EAA092-F460-45E3-803C-C9A3EF131F59}.Debug|x86.ActiveCfg = Debug|Win32
		{D3EAA092-F460-45E3-803C-C9A3EF131F59}.Debug|x86.Build.0 = Debug|Win32
		{D3EAA092-F460-45E3-803C-C9A3EF131F59}.Release|x64.ActiveCfg = Release|x64
		{D3EAA092-F460-45E3-803C-C9A3EF131F59}.Release|x64.Build.0 = Release|x64
		{D3EAA092-F460-45E3-803C-C9A3EF131F59}.Release|x86.ActiveCfg = Release|Win32
		{D3EAA092-F460-45E3-803C-C9A3EF131F59}.Release|x86.Build.0 = Release|Win32
		{DC1F3B94-73AC-4AFA-8894-BDB1901D98DE}.Debug|x64.ActiveCfg = Debug|x64
		{DC1F3B94-73AC-4AFA-8894-BDB1901D98DE}.Debug|x64.Build.0 = Debug|x64
		{DC1F3B94-73AC-4AFA-8894-BDB1901D98DE}.Debug|x86.ActiveCfg = Debug|Win32
		{DC1F3B94-73AC-4AFA-8894-BDB1901D98DE}.Debug|x86.Build.0 = Debug|Win32
		{DC1F3B94-73AC-4AFA-8894-BDB1901D98DE}.Release|x64.ActiveCfg = Release|x64
		{DC1F3B94-73AC-4AFA-8894-BDB1901D98DE}.Release|x64.Build.0 = Release|x64
		{DC1F3B94-73AC-4AFA-8894-BDB1901D98DE}.Release|x86.ActiveCfg = Release|Win32
		{DC1F3B94-73AC-4AFA-8894-BDB1901D98DE}.Release|x86.Build.0 = Release|Win32
		{A2AF659D-85F4-46A1-9B62-0E12C15A12DB}.Debug|x64.ActiveCfg = Debug|x64
		{A2AF659D-85F4-46A1-9B62-0E12C15A12DB}.Debug|x64.Build.0 = Debug|x64
		{A2AF659D-85F4-46A1-9B62-0E12C15A12DB}.Debug|x86.ActiveCfg = Debug|Win32
		{A2AF659D-85F4-46A1-9B62-0E12C15A12DB}.Debug|x86.Build.0 = Debug|Win32
		{A2AF659D-85F4-46A1-9B62-0E12C15A12DB}.Release|x64.ActiveCfg = Release|x64
		{A2AF659D-85F4-46A1-9B62-0E12C15A12DB}.Release|x64.Build.0 = Release|x64
		{A2AF659D-85F4-46A1-9B62-0E12C15A12DB}.Release|x86.ActiveCfg = Release|Win32
		{A2AF659D-85F4-46A1-9B62-0E12C15A12DB}.Release|x86.Build.0 = Release|Win32
	EndGlobalSection
	GlobalSection(SolutionProperties) = preSolution
		HideSolutionNode = FALSE
	EndGlobalSection
	GlobalSection(NestedProjects) = preSolution
		{C0059792-1EB4-42B2-B34C-64C0024945F7} = {906ADDE4-4C74-48AF-9330-2CDD0DCD808A}
		{F54FE79C-8A3E-4448-8641-F9F80F6522F3} = {926E3E02-B5A7-4728-B4CA-C1F283BD513B}
		{4EDC45CC-146D-42AD-BFC6-58BA3A9C7A85} = {2A9E86C9-76D8-4083-8A6B-B7E3EE81F15F}
		{D276C185-8F7F-48B9-9E77-EA42266E8460} = {2A9E86C9-76D8-4083-8A6B-B7E3EE81F15F}
		{254648A9-9F62-4209-A13F-D6F0B9318C00} = {2A9E86C9-76D8-4083-8A6B-B7E3EE81F15F}
		{D3EAA092-F460-45E3-803C-C9A3EF131F59} = {3C10BAE3-99C6-4BBA-9101-EDE646C0F815}
		{DC1F3B94-73AC-4AFA-8894-BDB1901D98DE} = {3C10BAE3-99C6-4BBA-9101-EDE646C0F815}
		{A2AF659D-85F4-46A1-9B62-0E12C15A12DB} = {3C10BAE3-99C6-4BBA-9101-EDE646C0F815}
	EndGlobalSection
	GlobalSection(ExtensibilityGlobals) = postSolution
		SolutionGuid = {31037F35-17EC-4327-A647-549CE094724E}
	EndGlobalSection
EndGlobal
